
Microsoft Visual Studio Solution File, Format Version 12.00
# Visual Studio Version 17
VisualStudioVersion = 17.9.34728.123
MinimumVisualStudioVersion = 10.0.40219.1
Project("{9A19103F-16F7-4668-BE54-9A1E7A4F7556}") = "CountriesAndCities", "CountriesAndCities\CountriesAndCities.csproj", "{3A347389-885A-48F6-8726-E1D453C6630C}"
EndProject
Global
	GlobalSection(SolutionConfigurationPlatforms) = preSolution
		Debug|Any CPU = Debug|Any CPU
		Release|Any CPU = Release|Any CPU
	EndGlobalSection
	GlobalSection(ProjectConfigurationPlatforms) = postSolution
		{3A347389-885A-48F6-8726-E1D453C6630C}.Debug|Any CPU.ActiveCfg = Debug|Any CPU
		{3A347389-885A-48F6-8726-E1D453C6630C}.Debug|Any CPU.Build.0 = Debug|Any CPU
		{3A347389-885A-48F6-8726-E1D453C6630C}.Release|Any CPU.ActiveCfg = Release|Any CPU
		{3A347389-885A-48F6-8726-E1D453C6630C}.Release|Any CPU.Build.0 = Release|Any CPU
	EndGlobalSection
	GlobalSection(SolutionProperties) = preSolution
		HideSolutionNode = FALSE
	EndGlobalSection
	GlobalSection(ExtensibilityGlobals) = postSolution
		SolutionGuid = {61CF58F1-C3B8-4936-B96D-77597BC18E21}
	EndGlobalSection
EndGlobal
